
Microsoft Visual Studio Solution File, Format Version 12.00
# Visual Studio Version 17
VisualStudioVersion = 17.0.32112.339
MinimumVisualStudioVersion = 10.0.40219.1
Project("{FAE04EC0-301F-11D3-BF4B-00C04F79EFBC}") = "Caesars_Pokemon_TBuilder", "Caesars_Pokemon_TBuilder\Caesars_Pokemon_TBuilder.csproj", "{535FBCF3-7882-4EF5-A7CB-DA5E480EE55B}"
EndProject
Global
	GlobalSection(SolutionConfigurationPlatforms) = preSolution
		Debug|Any CPU = Debug|Any CPU
		Release|Any CPU = Release|Any CPU
	EndGlobalSection
	GlobalSection(ProjectConfigurationPlatforms) = postSolution
		{535FBCF3-7882-4EF5-A7CB-DA5E480EE55B}.Debug|Any CPU.ActiveCfg = Debug|Any CPU
		{535FBCF3-7882-4EF5-A7CB-DA5E480EE55B}.Debug|Any CPU.Build.0 = Debug|Any CPU
		{535FBCF3-7882-4EF5-A7CB-DA5E480EE55B}.Release|Any CPU.ActiveCfg = Release|Any CPU
		{535FBCF3-7882-4EF5-A7CB-DA5E480EE55B}.Release|Any CPU.Build.0 = Release|Any CPU
	EndGlobalSection
	GlobalSection(SolutionProperties) = preSolution
		HideSolutionNode = FALSE
	EndGlobalSection
	GlobalSection(ExtensibilityGlobals) = postSolution
		SolutionGuid = {5AA99568-C249-46A8-854F-9A88215077B6}
	EndGlobalSection
EndGlobal
